
Microsoft Visual Studio Solution File, Format Version 12.00
# Visual Studio Version 17
VisualStudioVersion = 17.0.31919.166
MinimumVisualStudioVersion = 10.0.40219.1
Project("{FAE04EC0-301F-11D3-BF4B-00C04F79EFBC}") = "Testes Ana Caraban", "Testes Ana Caraban\Testes Ana Caraban.csproj", "{62842409-E600-4588-84B2-6091F0865480}"
EndProject
Global
	GlobalSection(SolutionConfigurationPlatforms) = preSolution
		Debug|Any CPU = Debug|Any CPU
		Release|Any CPU = Release|Any CPU
	EndGlobalSection
	GlobalSection(ProjectConfigurationPlatforms) = postSolution
		{62842409-E600-4588-84B2-6091F0865480}.Debug|Any CPU.ActiveCfg = Debug|Any CPU
		{62842409-E600-4588-84B2-6091F0865480}.Debug|Any CPU.Build.0 = Debug|Any CPU
		{62842409-E600-4588-84B2-6091F0865480}.Release|Any CPU.ActiveCfg = Release|Any CPU
		{62842409-E600-4588-84B2-6091F0865480}.Release|Any CPU.Build.0 = Release|Any CPU
	EndGlobalSection
	GlobalSection(SolutionProperties) = preSolution
		HideSolutionNode = FALSE
	EndGlobalSection
	GlobalSection(ExtensibilityGlobals) = postSolution
		SolutionGuid = {45E90594-638E-4A1A-B62B-E584F73030D4}
	EndGlobalSection
EndGlobal
